
Microsoft Visual Studio Solution File, Format Version 12.00
# Visual Studio Version 17
VisualStudioVersion = 17.8.34525.116
MinimumVisualStudioVersion = 10.0.40219.1
Project("{2150E333-8FDC-42A3-9474-1A3956D46DE8}") = "Module.Carts", "Module.Carts", "{C31E8959-75A1-4364-A14F-914637ABBB70}"
EndProject
Project("{9A19103F-16F7-4668-BE54-9A1E7A4F7556}") = "Carts.Domain", "Carts.Domain\Carts.Domain.csproj", "{34E8DEE9-5A20-4822-9F9F-3B15B3F51659}"
EndProject
Project("{9A19103F-16F7-4668-BE54-9A1E7A4F7556}") = "Carts.Infrastructure", "Carts.Infrastructure\Carts.Infrastructure.csproj", "{BD3487EC-8C7B-4576-8749-DE2849499B2A}"
EndProject
Project("{9A19103F-16F7-4668-BE54-9A1E7A4F7556}") = "Carts.Application", "Carts.Application\Carts.Application.csproj", "{46F1EA25-6FE5-4FE3-A653-243A66E2395F}"
EndProject
Project("{9A19103F-16F7-4668-BE54-9A1E7A4F7556}") = "Carts.Contract", "Carts.Contract\Carts.Contract.csproj", "{D91D403A-EAF2-403C-80D5-6846C0E530F2}"
EndProject
Project("{9A19103F-16F7-4668-BE54-9A1E7A4F7556}") = "Carts.Controllers", "Carts.Controllers\Carts.Controllers.csproj", "{EAAA3BDC-E9AB-4C73-9B7E-37F80522ADC9}"
EndProject
Project("{2150E333-8FDC-42A3-9474-1A3956D46DE8}") = "Module.Notification", "Module.Notification", "{023A533E-E382-4D07-9031-64F5C8956D79}"
EndProject
Project("{9A19103F-16F7-4668-BE54-9A1E7A4F7556}") = "Notification.Domain", "Notification.Domain\Notification.Domain.csproj", "{619C3B99-00C9-427E-9BC4-FF9961045AAF}"
EndProject
Project("{9A19103F-16F7-4668-BE54-9A1E7A4F7556}") = "Notification.Infrastructure", "Notification.Infrastructure\Notification.Infrastructure.csproj", "{850DC76A-9BBA-42CA-8122-8A8DC07121E5}"
EndProject
Project("{9A19103F-16F7-4668-BE54-9A1E7A4F7556}") = "Notification.Application", "Notification.Application\Notification.Application.csproj", "{C99CF673-4264-40CB-B70B-674D29FAF036}"
EndProject
Project("{9A19103F-16F7-4668-BE54-9A1E7A4F7556}") = "Notification.Contract", "Notification.Contract\Notification.Contract.csproj", "{64F5529A-EAE9-4B79-9C63-EA18B831AEC7}"
EndProject
Project("{9A19103F-16F7-4668-BE54-9A1E7A4F7556}") = "Notification.Controllers", "Notification.Controllers\Notification.Controllers.csproj", "{40926D61-C31F-4303-A116-BBEFDE003BC9}"
EndProject
Project("{2150E333-8FDC-42A3-9474-1A3956D46DE8}") = "Module.Identity", "Module.Identity", "{7C009EF1-3986-4B24-8F95-3B044844570C}"
EndProject
Project("{9A19103F-16F7-4668-BE54-9A1E7A4F7556}") = "Identity.Domain", "Identity.Domain\Identity.Domain.csproj", "{DA287002-0292-4FF6-9612-7FC09CCF9DD6}"
EndProject
Project("{9A19103F-16F7-4668-BE54-9A1E7A4F7556}") = "Identity.Infrastructure", "Identity.Infrastructure\Identity.Infrastructure.csproj", "{1932EA97-B73E-4B92-85DF-5308C30379A0}"
EndProject
Project("{9A19103F-16F7-4668-BE54-9A1E7A4F7556}") = "Identity.Controllers", "Identity.Controllers\Identity.Controllers.csproj", "{2446F36A-8F5B-4CBA-99F0-E1167A2A69A9}"
EndProject
Project("{2150E333-8FDC-42A3-9474-1A3956D46DE8}") = "Module.Orders", "Module.Orders", "{4CC2C2C3-8F11-432C-BD6E-23FFC036132E}"
EndProject
Project("{9A19103F-16F7-4668-BE54-9A1E7A4F7556}") = "Orders.Domain", "Orders.Domain\Orders.Domain.csproj", "{50CD96B4-8AEA-44A9-B520-058A90079638}"
EndProject
Project("{9A19103F-16F7-4668-BE54-9A1E7A4F7556}") = "Orders.Infrastructure", "Orders.Infrastructure\Orders.Infrastructure.csproj", "{836CD07A-FA54-4346-AD29-42E1F9F13A34}"
EndProject
Project("{9A19103F-16F7-4668-BE54-9A1E7A4F7556}") = "Orders.Application", "Orders.Application\Orders.Application.csproj", "{094AC76E-05D3-4C9A-B9B6-C91AB063FFF5}"
EndProject
Project("{9A19103F-16F7-4668-BE54-9A1E7A4F7556}") = "Orders.Contract", "Orders.Contract\Orders.Contract.csproj", "{16AD8D85-FE43-4781-8F2C-2B4E5D411C64}"
EndProject
Project("{9A19103F-16F7-4668-BE54-9A1E7A4F7556}") = "Orders.Controllers", "Orders.Controllers\Orders.Controllers.csproj", "{5694FE08-9E76-4746-99FC-5D47E560A4A4}"
EndProject
Project("{2150E333-8FDC-42A3-9474-1A3956D46DE8}") = "Module.Products", "Module.Products", "{56D98853-5BA6-4A86-8C9E-82CA8280309D}"
EndProject
Project("{9A19103F-16F7-4668-BE54-9A1E7A4F7556}") = "Product.Domain", "Product.Domain\Product.Domain.csproj", "{EC4A7325-0396-4261-9E35-7F683F8B69C2}"
EndProject
Project("{9A19103F-16F7-4668-BE54-9A1E7A4F7556}") = "Product.Infrastructure", "Product.Infrastructure\Product.Infrastructure.csproj", "{124449E3-7705-42D0-B85A-B7F00837C4EE}"
EndProject
Project("{9A19103F-16F7-4668-BE54-9A1E7A4F7556}") = "Product.Application", "Product.Application\Product.Application.csproj", "{C13221DA-D187-4231-B9A5-03F62DC230FB}"
EndProject
Project("{9A19103F-16F7-4668-BE54-9A1E7A4F7556}") = "Product.Contract", "Product.Contract\Product.Contract.csproj", "{2BE8C130-E280-4C09-B570-6DD24CBF630D}"
EndProject
Project("{9A19103F-16F7-4668-BE54-9A1E7A4F7556}") = "Product.Controllers", "Product.Controllers\Product.Controllers.csproj", "{13EA34D1-0253-48D5-9D95-7FB585204127}"
EndProject
Project("{2150E333-8FDC-42A3-9474-1A3956D46DE8}") = "Framework", "Framework", "{3F80EEF1-6817-4B35-9AAA-D7CE0C916641}"
EndProject
Project("{9A19103F-16F7-4668-BE54-9A1E7A4F7556}") = "Utils", "Framework\Utils\Utils.csproj", "{490BC8DD-8B6D-4F35-891D-15158C230B54}"
EndProject
Project("{9A19103F-16F7-4668-BE54-9A1E7A4F7556}") = "Api", "Api\Api.csproj", "{47E7FB62-98DC-4A19-8B77-D52B3EB44B1F}"
EndProject
Project("{E53339B2-1760-4266-BCC7-CA923CBCF16C}") = "docker-compose", "docker-compose.dcproj", "{72FF8289-AB8E-4F87-8722-96180E0F1011}"
EndProject
Global
	GlobalSection(SolutionConfigurationPlatforms) = preSolution
		Debug|Any CPU = Debug|Any CPU
		Release|Any CPU = Release|Any CPU
	EndGlobalSection
	GlobalSection(ProjectConfigurationPlatforms) = postSolution
		{34E8DEE9-5A20-4822-9F9F-3B15B3F51659}.Debug|Any CPU.ActiveCfg = Debug|Any CPU
		{34E8DEE9-5A20-4822-9F9F-3B15B3F51659}.Debug|Any CPU.Build.0 = Debug|Any CPU
		{34E8DEE9-5A20-4822-9F9F-3B15B3F51659}.Release|Any CPU.ActiveCfg = Release|Any CPU
		{34E8DEE9-5A20-4822-9F9F-3B15B3F51659}.Release|Any CPU.Build.0 = Release|Any CPU
		{BD3487EC-8C7B-4576-8749-DE2849499B2A}.Debug|Any CPU.ActiveCfg = Debug|Any CPU
		{BD3487EC-8C7B-4576-8749-DE2849499B2A}.Debug|Any CPU.Build.0 = Debug|Any CPU
		{BD3487EC-8C7B-4576-8749-DE2849499B2A}.Release|Any CPU.ActiveCfg = Release|Any CPU
		{BD3487EC-8C7B-4576-8749-DE2849499B2A}.Release|Any CPU.Build.0 = Release|Any CPU
		{46F1EA25-6FE5-4FE3-A653-243A66E2395F}.Debug|Any CPU.ActiveCfg = Debug|Any CPU
		{46F1EA25-6FE5-4FE3-A653-243A66E2395F}.Debug|Any CPU.Build.0 = Debug|Any CPU
		{46F1EA25-6FE5-4FE3-A653-243A66E2395F}.Release|Any CPU.ActiveCfg = Release|Any CPU
		{46F1EA25-6FE5-4FE3-A653-243A66E2395F}.Release|Any CPU.Build.0 = Release|Any CPU
		{D91D403A-EAF2-403C-80D5-6846C0E530F2}.Debug|Any CPU.ActiveCfg = Debug|Any CPU
		{D91D403A-EAF2-403C-80D5-6846C0E530F2}.Debug|Any CPU.Build.0 = Debug|Any CPU
		{D91D403A-EAF2-403C-80D5-6846C0E530F2}.Release|Any CPU.ActiveCfg = Release|Any CPU
		{D91D403A-EAF2-403C-80D5-6846C0E530F2}.Release|Any CPU.Build.0 = Release|Any CPU
		{EAAA3BDC-E9AB-4C73-9B7E-37F80522ADC9}.Debug|Any CPU.ActiveCfg = Debug|Any CPU
		{EAAA3BDC-E9AB-4C73-9B7E-37F80522ADC9}.Debug|Any CPU.Build.0 = Debug|Any CPU
		{EAAA3BDC-E9AB-4C73-9B7E-37F80522ADC9}.Release|Any CPU.ActiveCfg = Release|Any CPU
		{EAAA3BDC-E9AB-4C73-9B7E-37F80522ADC9}.Release|Any CPU.Build.0 = Release|Any CPU
		{619C3B99-00C9-427E-9BC4-FF9961045AAF}.Debug|Any CPU.ActiveCfg = Debug|Any CPU
		{619C3B99-00C9-427E-9BC4-FF9961045AAF}.Debug|Any CPU.Build.0 = Debug|Any CPU
		{619C3B99-00C9-427E-9BC4-FF9961045AAF}.Release|Any CPU.ActiveCfg = Release|Any CPU
		{619C3B99-00C9-427E-9BC4-FF9961045AAF}.Release|Any CPU.Build.0 = Release|Any CPU
		{850DC76A-9BBA-42CA-8122-8A8DC07121E5}.Debug|Any CPU.ActiveCfg = Debug|Any CPU
		{850DC76A-9BBA-42CA-8122-8A8DC07121E5}.Debug|Any CPU.Build.0 = Debug|Any CPU
		{850DC76A-9BBA-42CA-8122-8A8DC07121E5}.Release|Any CPU.ActiveCfg = Release|Any CPU
		{850DC76A-9BBA-42CA-8122-8A8DC07121E5}.Release|Any CPU.Build.0 = Release|Any CPU
		{C99CF673-4264-40CB-B70B-674D29FAF036}.Debug|Any CPU.ActiveCfg = Debug|Any CPU
		{C99CF673-4264-40CB-B70B-674D29FAF036}.Debug|Any CPU.Build.0 = Debug|Any CPU
		{C99CF673-4264-40CB-B70B-674D29FAF036}.Release|Any CPU.ActiveCfg = Release|Any CPU
		{C99CF673-4264-40CB-B70B-674D29FAF036}.Release|Any CPU.Build.0 = Release|Any CPU
		{64F5529A-EAE9-4B79-9C63-EA18B831AEC7}.Debug|Any CPU.ActiveCfg = Debug|Any CPU
		{64F5529A-EAE9-4B79-9C63-EA18B831AEC7}.Debug|Any CPU.Build.0 = Debug|Any CPU
		{64F5529A-EAE9-4B79-9C63-EA18B831AEC7}.Release|Any CPU.ActiveCfg = Release|Any CPU
		{64F5529A-EAE9-4B79-9C63-EA18B831AEC7}.Release|Any CPU.Build.0 = Release|Any CPU
		{40926D61-C31F-4303-A116-BBEFDE003BC9}.Debug|Any CPU.ActiveCfg = Debug|Any CPU
		{40926D61-C31F-4303-A116-BBEFDE003BC9}.Debug|Any CPU.Build.0 = Debug|Any CPU
		{40926D61-C31F-4303-A116-BBEFDE003BC9}.Release|Any CPU.ActiveCfg = Release|Any CPU
		{40926D61-C31F-4303-A116-BBEFDE003BC9}.Release|Any CPU.Build.0 = Release|Any CPU
		{DA287002-0292-4FF6-9612-7FC09CCF9DD6}.Debug|Any CPU.ActiveCfg = Debug|Any CPU
		{DA287002-0292-4FF6-9612-7FC09CCF9DD6}.Debug|Any CPU.Build.0 = Debug|Any CPU
		{DA287002-0292-4FF6-9612-7FC09CCF9DD6}.Release|Any CPU.ActiveCfg = Release|Any CPU
		{DA287002-0292-4FF6-9612-7FC09CCF9DD6}.Release|Any CPU.Build.0 = Release|Any CPU
		{1932EA97-B73E-4B92-85DF-5308C30379A0}.Debug|Any CPU.ActiveCfg = Debug|Any CPU
		{1932EA97-B73E-4B92-85DF-5308C30379A0}.Debug|Any CPU.Build.0 = Debug|Any CPU
		{1932EA97-B73E-4B92-85DF-5308C30379A0}.Release|Any CPU.ActiveCfg = Release|Any CPU
		{1932EA97-B73E-4B92-85DF-5308C30379A0}.Release|Any CPU.Build.0 = Release|Any CPU
		{2446F36A-8F5B-4CBA-99F0-E1167A2A69A9}.Debug|Any CPU.ActiveCfg = Debug|Any CPU
		{2446F36A-8F5B-4CBA-99F0-E1167A2A69A9}.Debug|Any CPU.Build.0 = Debug|Any CPU
		{2446F36A-8F5B-4CBA-99F0-E1167A2A69A9}.Release|Any CPU.ActiveCfg = Release|Any CPU
		{2446F36A-8F5B-4CBA-99F0-E1167A2A69A9}.Release|Any CPU.Build.0 = Release|Any CPU
		{50CD96B4-8AEA-44A9-B520-058A90079638}.Debug|Any CPU.ActiveCfg = Debug|Any CPU
		{50CD96B4-8AEA-44A9-B520-058A90079638}.Debug|Any CPU.Build.0 = Debug|Any CPU
		{50CD96B4-8AEA-44A9-B520-058A90079638}.Release|Any CPU.ActiveCfg = Release|Any CPU
		{50CD96B4-8AEA-44A9-B520-058A90079638}.Release|Any CPU.Build.0 = Release|Any CPU
		{836CD07A-FA54-4346-AD29-42E1F9F13A34}.Debug|Any CPU.ActiveCfg = Debug|Any CPU
		{836CD07A-FA54-4346-AD29-42E1F9F13A34}.Debug|Any CPU.Build.0 = Debug|Any CPU
		{836CD07A-FA54-4346-AD29-42E1F9F13A34}.Release|Any CPU.ActiveCfg = Release|Any CPU
		{836CD07A-FA54-4346-AD29-42E1F9F13A34}.Release|Any CPU.Build.0 = Release|Any CPU
		{094AC76E-05D3-4C9A-B9B6-C91AB063FFF5}.Debug|Any CPU.ActiveCfg = Debug|Any CPU
		{094AC76E-05D3-4C9A-B9B6-C91AB063FFF5}.Debug|Any CPU.Build.0 = Debug|Any CPU
		{094AC76E-05D3-4C9A-B9B6-C91AB063FFF5}.Release|Any CPU.ActiveCfg = Release|Any CPU
		{094AC76E-05D3-4C9A-B9B6-C91AB063FFF5}.Release|Any CPU.Build.0 = Release|Any CPU
		{16AD8D85-FE43-4781-8F2C-2B4E5D411C64}.Debug|Any CPU.ActiveCfg = Debug|Any CPU
		{16AD8D85-FE43-4781-8F2C-2B4E5D411C64}.Debug|Any CPU.Build.0 = Debug|Any CPU
		{16AD8D85-FE43-4781-8F2C-2B4E5D411C64}.Release|Any CPU.ActiveCfg = Release|Any CPU
		{16AD8D85-FE43-4781-8F2C-2B4E5D411C64}.Release|Any CPU.Build.0 = Release|Any CPU
		{5694FE08-9E76-4746-99FC-5D47E560A4A4}.Debug|Any CPU.ActiveCfg = Debug|Any CPU
		{5694FE08-9E76-4746-99FC-5D47E560A4A4}.Debug|Any CPU.Build.0 = Debug|Any CPU
		{5694FE08-9E76-4746-99FC-5D47E560A4A4}.Release|Any CPU.ActiveCfg = Release|Any CPU
		{5694FE08-9E76-4746-99FC-5D47E560A4A4}.Release|Any CPU.Build.0 = Release|Any CPU
		{EC4A7325-0396-4261-9E35-7F683F8B69C2}.Debug|Any CPU.ActiveCfg = Debug|Any CPU
		{EC4A7325-0396-4261-9E35-7F683F8B69C2}.Debug|Any CPU.Build.0 = Debug|Any CPU
		{EC4A7325-0396-4261-9E35-7F683F8B69C2}.Release|Any CPU.ActiveCfg = Release|Any CPU
		{EC4A7325-0396-4261-9E35-7F683F8B69C2}.Release|Any CPU.Build.0 = Release|Any CPU
		{124449E3-7705-42D0-B85A-B7F00837C4EE}.Debug|Any CPU.ActiveCfg = Debug|Any CPU
		{124449E3-7705-42D0-B85A-B7F00837C4EE}.Debug|Any CPU.Build.0 = Debug|Any CPU
		{124449E3-7705-42D0-B85A-B7F00837C4EE}.Release|Any CPU.ActiveCfg = Release|Any CPU
		{124449E3-7705-42D0-B85A-B7F00837C4EE}.Release|Any CPU.Build.0 = Release|Any CPU
		{C13221DA-D187-4231-B9A5-03F62DC230FB}.Debug|Any CPU.ActiveCfg = Debug|Any CPU
		{C13221DA-D187-4231-B9A5-03F62DC230FB}.Debug|Any CPU.Build.0 = Debug|Any CPU
		{C13221DA-D187-4231-B9A5-03F62DC230FB}.Release|Any CPU.ActiveCfg = Release|Any CPU
		{C13221DA-D187-4231-B9A5-03F62DC230FB}.Release|Any CPU.Build.0 = Release|Any CPU
		{2BE8C130-E280-4C09-B570-6DD24CBF630D}.Debug|Any CPU.ActiveCfg = Debug|Any CPU
		{2BE8C130-E280-4C09-B570-6DD24CBF630D}.Debug|Any CPU.Build.0 = Debug|Any CPU
		{2BE8C130-E280-4C09-B570-6DD24CBF630D}.Release|Any CPU.ActiveCfg = Release|Any CPU
		{2BE8C130-E280-4C09-B570-6DD24CBF630D}.Release|Any CPU.Build.0 = Release|Any CPU
		{13EA34D1-0253-48D5-9D95-7FB585204127}.Debug|Any CPU.ActiveCfg = Debug|Any CPU
		{13EA34D1-0253-48D5-9D95-7FB585204127}.Debug|Any CPU.Build.0 = Debug|Any CPU
		{13EA34D1-0253-48D5-9D95-7FB585204127}.Release|Any CPU.ActiveCfg = Release|Any CPU
		{13EA34D1-0253-48D5-9D95-7FB585204127}.Release|Any CPU.Build.0 = Release|Any CPU
		{490BC8DD-8B6D-4F35-891D-15158C230B54}.Debug|Any CPU.ActiveCfg = Debug|Any CPU
		{490BC8DD-8B6D-4F35-891D-15158C230B54}.Debug|Any CPU.Build.0 = Debug|Any CPU
		{490BC8DD-8B6D-4F35-891D-15158C230B54}.Release|Any CPU.ActiveCfg = Release|Any CPU
		{490BC8DD-8B6D-4F35-891D-15158C230B54}.Release|Any CPU.Build.0 = Release|Any CPU
		{47E7FB62-98DC-4A19-8B77-D52B3EB44B1F}.Debug|Any CPU.ActiveCfg = Debug|Any CPU
		{47E7FB62-98DC-4A19-8B77-D52B3EB44B1F}.Debug|Any CPU.Build.0 = Debug|Any CPU
		{47E7FB62-98DC-4A19-8B77-D52B3EB44B1F}.Release|Any CPU.ActiveCfg = Release|Any CPU
		{47E7FB62-98DC-4A19-8B77-D52B3EB44B1F}.Release|Any CPU.Build.0 = Release|Any CPU
		{72FF8289-AB8E-4F87-8722-96180E0F1011}.Debug|Any CPU.ActiveCfg = Debug|Any CPU
		{72FF8289-AB8E-4F87-8722-96180E0F1011}.Debug|Any CPU.Build.0 = Debug|Any CPU
		{72FF8289-AB8E-4F87-8722-96180E0F1011}.Release|Any CPU.ActiveCfg = Release|Any CPU
		{72FF8289-AB8E-4F87-8722-96180E0F1011}.Release|Any CPU.Build.0 = Release|Any CPU
	EndGlobalSection
	GlobalSection(SolutionProperties) = preSolution
		HideSolutionNode = FALSE
	EndGlobalSection
	GlobalSection(NestedProjects) = preSolution
		{34E8DEE9-5A20-4822-9F9F-3B15B3F51659} = {C31E8959-75A1-4364-A14F-914637ABBB70}
		{BD3487EC-8C7B-4576-8749-DE2849499B2A} = {C31E8959-75A1-4364-A14F-914637ABBB70}
		{46F1EA25-6FE5-4FE3-A653-243A66E2395F} = {C31E8959-75A1-4364-A14F-914637ABBB70}
		{D91D403A-EAF2-403C-80D5-6846C0E530F2} = {C31E8959-75A1-4364-A14F-914637ABBB70}
		{EAAA3BDC-E9AB-4C73-9B7E-37F80522ADC9} = {C31E8959-75A1-4364-A14F-914637ABBB70}
		{619C3B99-00C9-427E-9BC4-FF9961045AAF} = {023A533E-E382-4D07-9031-64F5C8956D79}
		{850DC76A-9BBA-42CA-8122-8A8DC07121E5} = {023A533E-E382-4D07-9031-64F5C8956D79}
		{C99CF673-4264-40CB-B70B-674D29FAF036} = {023A533E-E382-4D07-9031-64F5C8956D79}
		{64F5529A-EAE9-4B79-9C63-EA18B831AEC7} = {023A533E-E382-4D07-9031-64F5C8956D79}
		{40926D61-C31F-4303-A116-BBEFDE003BC9} = {023A533E-E382-4D07-9031-64F5C8956D79}
		{DA287002-0292-4FF6-9612-7FC09CCF9DD6} = {7C009EF1-3986-4B24-8F95-3B044844570C}
		{1932EA97-B73E-4B92-85DF-5308C30379A0} = {7C009EF1-3986-4B24-8F95-3B044844570C}
		{2446F36A-8F5B-4CBA-99F0-E1167A2A69A9} = {7C009EF1-3986-4B24-8F95-3B044844570C}
		{50CD96B4-8AEA-44A9-B520-058A90079638} = {4CC2C2C3-8F11-432C-BD6E-23FFC036132E}
		{836CD07A-FA54-4346-AD29-42E1F9F13A34} = {4CC2C2C3-8F11-432C-BD6E-23FFC036132E}
		{094AC76E-05D3-4C9A-B9B6-C91AB063FFF5} = {4CC2C2C3-8F11-432C-BD6E-23FFC036132E}
		{16AD8D85-FE43-4781-8F2C-2B4E5D411C64} = {4CC2C2C3-8F11-432C-BD6E-23FFC036132E}
		{5694FE08-9E76-4746-99FC-5D47E560A4A4} = {4CC2C2C3-8F11-432C-BD6E-23FFC036132E}
		{EC4A7325-0396-4261-9E35-7F683F8B69C2} = {56D98853-5BA6-4A86-8C9E-82CA8280309D}
		{124449E3-7705-42D0-B85A-B7F00837C4EE} = {56D98853-5BA6-4A86-8C9E-82CA8280309D}
		{C13221DA-D187-4231-B9A5-03F62DC230FB} = {56D98853-5BA6-4A86-8C9E-82CA8280309D}
		{2BE8C130-E280-4C09-B570-6DD24CBF630D} = {56D98853-5BA6-4A86-8C9E-82CA8280309D}
		{13EA34D1-0253-48D5-9D95-7FB585204127} = {56D98853-5BA6-4A86-8C9E-82CA8280309D}
		{490BC8DD-8B6D-4F35-891D-15158C230B54} = {3F80EEF1-6817-4B35-9AAA-D7CE0C916641}
	EndGlobalSection
	GlobalSection(ExtensibilityGlobals) = postSolution
		SolutionGuid = {23C31AFC-21AF-4D73-A383-4F08A2BCEE30}
	EndGlobalSection
EndGlobal
